
Microsoft Visual Studio Solution File, Format Version 12.00
# Visual Studio Version 17
VisualStudioVersion = 17.0.31919.166
MinimumVisualStudioVersion = 10.0.40219.1
Project("{FAE04EC0-301F-11D3-BF4B-00C04F79EFBC}") = "MapsGettingStarted", "MapsGettingStarted.csproj", "{32CCC00E-1712-4BB3-9B4C-70CB72EB034A}"
EndProject
Global
	GlobalSection(SolutionConfigurationPlatforms) = preSolution
		Debug|Any CPU = Debug|Any CPU
		Release|Any CPU = Release|Any CPU
	EndGlobalSection
	GlobalSection(ProjectConfigurationPlatforms) = postSolution
		{32CCC00E-1712-4BB3-9B4C-70CB72EB034A}.Debug|Any CPU.ActiveCfg = Debug|Any CPU
		{32CCC00E-1712-4BB3-9B4C-70CB72EB034A}.Debug|Any CPU.Build.0 = Debug|Any CPU
		{32CCC00E-1712-4BB3-9B4C-70CB72EB034A}.Release|Any CPU.ActiveCfg = Release|Any CPU
		{32CCC00E-1712-4BB3-9B4C-70CB72EB034A}.Release|Any CPU.Build.0 = Release|Any CPU
	EndGlobalSection
	GlobalSection(SolutionProperties) = preSolution
		HideSolutionNode = FALSE
	EndGlobalSection
	GlobalSection(ExtensibilityGlobals) = postSolution
		SolutionGuid = {C3F4F89E-8258-4D41-889A-733E7BE97828}
	EndGlobalSection
EndGlobal
